
Microsoft Visual Studio Solution File, Format Version 12.00
# Visual Studio 15
VisualStudioVersion = 15.0.28307.329
MinimumVisualStudioVersion = 10.0.40219.1
Project("{8BC9CEB8-8B4A-11D0-8D11-00A0C91BC942}") = "Project1", "Project1\Project1.vcxproj", "{FD81718F-F696-422D-A567-04632647EA77}"
EndProject
Project("{8BC9CEB8-8B4A-11D0-8D11-00A0C91BC942}") = "Project2", "Project2\Project2.vcxproj", "{DAD1C27C-C15F-465B-9A03-5067D3225128}"
EndProject
Project("{8BC9CEB8-8B4A-11D0-8D11-00A0C91BC942}") = "Project4", "Project4\Project4.vcxproj", "{8B7057F2-FFA1-44B8-A181-E59FABADF3FA}"
EndProject
Project("{8BC9CEB8-8B4A-11D0-8D11-00A0C91BC942}") = "Projectevent", "Projectevent\Projectevent.vcxproj", "{56F84088-4DE4-4A45-8FD8-FF687977DD8A}"
EndProject
Project("{8BC9CEB8-8B4A-11D0-8D11-00A0C91BC942}") = "Project_Process", "Project_Process\Project_Process.vcxproj", "{5913228D-E933-4210-A56D-2E08A07ACC89}"
EndProject
Project("{8BC9CEB8-8B4A-11D0-8D11-00A0C91BC942}") = "THREADS1", "THREADS\THREADS.vcxproj", "{DB12F659-4332-41D3-9B3F-80CDEF38594C}"
EndProject
Project("{8BC9CEB8-8B4A-11D0-8D11-00A0C91BC942}") = "Threads4", "THREADS2\THREADS2.vcxproj", "{9E14F948-8B85-4E6B-97B6-60553059FB42}"
EndProject
Project("{8BC9CEB8-8B4A-11D0-8D11-00A0C91BC942}") = "ASSI9", "ASSI9\ASSI9.vcxproj", "{F99AB443-6444-4144-93D3-6444629FE64F}"
EndProject
Project("{8BC9CEB8-8B4A-11D0-8D11-00A0C91BC942}") = "THREADS13", "THREADS13\THREADS13.vcxproj", "{A8899937-D31C-4ECF-87EF-336C07307A83}"
EndProject
Project("{8BC9CEB8-8B4A-11D0-8D11-00A0C91BC942}") = "THREADS15", "THREADS14\THREADS14.vcxproj", "{DA74CB8F-B6B6-45C4-8274-EE617BAD8E43}"
EndProject
Project("{8BC9CEB8-8B4A-11D0-8D11-00A0C91BC942}") = "THREAD14", "THREADS15\THREADS15.vcxproj", "{2D6F5874-4BB1-4B0D-A9A9-77743006E633}"
EndProject
Project("{8BC9CEB8-8B4A-11D0-8D11-00A0C91BC942}") = "CRITICALSECTION", "CRITICALSECTION\CRITICALSECTION.vcxproj", "{09E90A3C-63A0-4B7E-AD7B-F4C17B7BCB36}"
EndProject
Project("{8BC9CEB8-8B4A-11D0-8D11-00A0C91BC942}") = "C", "C\C.vcxproj", "{16FEF141-02AD-4465-A9E7-50D43D1EE219}"
EndProject
Project("{8BC9CEB8-8B4A-11D0-8D11-00A0C91BC942}") = "INHERIT", "Project5\Project5.vcxproj", "{9A47C0DA-631D-4956-9C85-25F805196B03}"
EndProject
Project("{8BC9CEB8-8B4A-11D0-8D11-00A0C91BC942}") = "IH.cpp", "IH.cpp\IH.cpp.vcxproj", "{59376B6F-E223-446C-8C16-15AB0AF81196}"
EndProject
Project("{8BC9CEB8-8B4A-11D0-8D11-00A0C91BC942}") = "DLL", "DLL\DLL.vcxproj", "{B1445FF7-6E84-4D81-9311-6B82F39249BC}"
EndProject
Project("{8BC9CEB8-8B4A-11D0-8D11-00A0C91BC942}") = "DLLEE", "DLLEE\DLLEE.vcxproj", "{BCADB978-BF11-49B6-8FD7-33C1961B2864}"
EndProject
Project("{8BC9CEB8-8B4A-11D0-8D11-00A0C91BC942}") = "DLL1", "DLL1\DLL1.vcxproj", "{147EEEAB-AA32-49F4-ADDA-E206B6762B14}"
EndProject
Project("{8BC9CEB8-8B4A-11D0-8D11-00A0C91BC942}") = "APPDLL", "APPDLL\APPDLL.vcxproj", "{2653A524-29A4-405D-80B3-C60423E6CBFB}"
EndProject
Project("{8BC9CEB8-8B4A-11D0-8D11-00A0C91BC942}") = "STATIC", "STATIC\STATIC.vcxproj", "{56D56CB6-F34A-4C13-BE41-6BA31E4DDBBD}"
EndProject
Project("{8BC9CEB8-8B4A-11D0-8D11-00A0C91BC942}") = "STATICIMP", "STATICIMP\STATICIMP.vcxproj", "{77FD31E4-69EE-4C8F-B2F0-087B7B9ED7BD}"
EndProject
Project("{8BC9CEB8-8B4A-11D0-8D11-00A0C91BC942}") = "Prog26", "Prog26\Prog26.vcxproj", "{6C7F1997-2835-472B-B168-E6E40F3E508F}"
EndProject
Project("{8BC9CEB8-8B4A-11D0-8D11-00A0C91BC942}") = "prog24", "prog24\prog24.vcxproj", "{24EFDF29-44D8-4B74-83EA-66CCB1708AD6}"
EndProject
Project("{8BC9CEB8-8B4A-11D0-8D11-00A0C91BC942}") = "prog25", "prog25\prog25.vcxproj", "{ADE36507-33B0-4070-AA76-92D084837453}"
EndProject
Project("{8BC9CEB8-8B4A-11D0-8D11-00A0C91BC942}") = "conversion", "conversion\conversion.vcxproj", "{6A8AE608-3049-406A-B493-DFD93FD30211}"
EndProject
Project("{8BC9CEB8-8B4A-11D0-8D11-00A0C91BC942}") = "commandline", "commandline\commandline.vcxproj", "{5DD2837E-F677-41D6-B539-EB23B7919A84}"
EndProject
Project("{8BC9CEB8-8B4A-11D0-8D11-00A0C91BC942}") = "env", "env\env.vcxproj", "{AA0E882F-E419-49CE-96B3-0010095E6F51}"
EndProject
Global
	GlobalSection(SolutionConfigurationPlatforms) = preSolution
		Debug|x64 = Debug|x64
		Debug|x86 = Debug|x86
		Release|x64 = Release|x64
		Release|x86 = Release|x86
	EndGlobalSection
	GlobalSection(ProjectConfigurationPlatforms) = postSolution
		{FD81718F-F696-422D-A567-04632647EA77}.Debug|x64.ActiveCfg = Debug|x64
		{FD81718F-F696-422D-A567-04632647EA77}.Debug|x64.Build.0 = Debug|x64
		{FD81718F-F696-422D-A567-04632647EA77}.Debug|x86.ActiveCfg = Debug|Win32
		{FD81718F-F696-422D-A567-04632647EA77}.Debug|x86.Build.0 = Debug|Win32
		{FD81718F-F696-422D-A567-04632647EA77}.Release|x64.ActiveCfg = Release|x64
		{FD81718F-F696-422D-A567-04632647EA77}.Release|x64.Build.0 = Release|x64
		{FD81718F-F696-422D-A567-04632647EA77}.Release|x86.ActiveCfg = Release|Win32
		{FD81718F-F696-422D-A567-04632647EA77}.Release|x86.Build.0 = Release|Win32
		{DAD1C27C-C15F-465B-9A03-5067D3225128}.Debug|x64.ActiveCfg = Debug|x64
		{DAD1C27C-C15F-465B-9A03-5067D3225128}.Debug|x64.Build.0 = Debug|x64
		{DAD1C27C-C15F-465B-9A03-5067D3225128}.Debug|x86.ActiveCfg = Debug|Win32
		{DAD1C27C-C15F-465B-9A03-5067D3225128}.Debug|x86.Build.0 = Debug|Win32
		{DAD1C27C-C15F-465B-9A03-5067D3225128}.Release|x64.ActiveCfg = Release|x64
		{DAD1C27C-C15F-465B-9A03-5067D3225128}.Release|x64.Build.0 = Release|x64
		{DAD1C27C-C15F-465B-9A03-5067D3225128}.Release|x86.ActiveCfg = Release|Win32
		{DAD1C27C-C15F-465B-9A03-5067D3225128}.Release|x86.Build.0 = Release|Win32
		{8B7057F2-FFA1-44B8-A181-E59FABADF3FA}.Debug|x64.ActiveCfg = Debug|x64
		{8B7057F2-FFA1-44B8-A181-E59FABADF3FA}.Debug|x64.Build.0 = Debug|x64
		{8B7057F2-FFA1-44B8-A181-E59FABADF3FA}.Debug|x86.ActiveCfg = Debug|Win32
		{8B7057F2-FFA1-44B8-A181-E59FABADF3FA}.Debug|x86.Build.0 = Debug|Win32
		{8B7057F2-FFA1-44B8-A181-E59FABADF3FA}.Release|x64.ActiveCfg = Release|x64
		{8B7057F2-FFA1-44B8-A181-E59FABADF3FA}.Release|x64.Build.0 = Release|x64
		{8B7057F2-FFA1-44B8-A181-E59FABADF3FA}.Release|x86.ActiveCfg = Release|Win32
		{8B7057F2-FFA1-44B8-A181-E59FABADF3FA}.Release|x86.Build.0 = Release|Win32
		{56F84088-4DE4-4A45-8FD8-FF687977DD8A}.Debug|x64.ActiveCfg = Debug|x64
		{56F84088-4DE4-4A45-8FD8-FF687977DD8A}.Debug|x64.Build.0 = Debug|x64
		{56F84088-4DE4-4A45-8FD8-FF687977DD8A}.Debug|x86.ActiveCfg = Debug|Win32
		{56F84088-4DE4-4A45-8FD8-FF687977DD8A}.Debug|x86.Build.0 = Debug|Win32
		{56F84088-4DE4-4A45-8FD8-FF687977DD8A}.Release|x64.ActiveCfg = Release|x64
		{56F84088-4DE4-4A45-8FD8-FF687977DD8A}.Release|x64.Build.0 = Release|x64
		{56F84088-4DE4-4A45-8FD8-FF687977DD8A}.Release|x86.ActiveCfg = Release|Win32
		{56F84088-4DE4-4A45-8FD8-FF687977DD8A}.Release|x86.Build.0 = Release|Win32
		{5913228D-E933-4210-A56D-2E08A07ACC89}.Debug|x64.ActiveCfg = Debug|x64
		{5913228D-E933-4210-A56D-2E08A07ACC89}.Debug|x64.Build.0 = Debug|x64
		{5913228D-E933-4210-A56D-2E08A07ACC89}.Debug|x86.ActiveCfg = Debug|Win32
		{5913228D-E933-4210-A56D-2E08A07ACC89}.Debug|x86.Build.0 = Debug|Win32
		{5913228D-E933-4210-A56D-2E08A07ACC89}.Release|x64.ActiveCfg = Release|x64
		{5913228D-E933-4210-A56D-2E08A07ACC89}.Release|x64.Build.0 = Release|x64
		{5913228D-E933-4210-A56D-2E08A07ACC89}.Release|x86.ActiveCfg = Release|Win32
		{5913228D-E933-4210-A56D-2E08A07ACC89}.Release|x86.Build.0 = Release|Win32
		{DB12F659-4332-41D3-9B3F-80CDEF38594C}.Debug|x64.ActiveCfg = Debug|x64
		{DB12F659-4332-41D3-9B3F-80CDEF38594C}.Debug|x64.Build.0 = Debug|x64
		{DB12F659-4332-41D3-9B3F-80CDEF38594C}.Debug|x86.ActiveCfg = Debug|Win32
		{DB12F659-4332-41D3-9B3F-80CDEF38594C}.Debug|x86.Build.0 = Debug|Win32
		{DB12F659-4332-41D3-9B3F-80CDEF38594C}.Release|x64.ActiveCfg = Release|x64
		{DB12F659-4332-41D3-9B3F-80CDEF38594C}.Release|x64.Build.0 = Release|x64
		{DB12F659-4332-41D3-9B3F-80CDEF38594C}.Release|x86.ActiveCfg = Release|Win32
		{DB12F659-4332-41D3-9B3F-80CDEF38594C}.Release|x86.Build.0 = Release|Win32
		{9E14F948-8B85-4E6B-97B6-60553059FB42}.Debug|x64.ActiveCfg = Debug|x64
		{9E14F948-8B85-4E6B-97B6-60553059FB42}.Debug|x64.Build.0 = Debug|x64
		{9E14F948-8B85-4E6B-97B6-60553059FB42}.Debug|x86.ActiveCfg = Debug|Win32
		{9E14F948-8B85-4E6B-97B6-60553059FB42}.Debug|x86.Build.0 = Debug|Win32
		{9E14F948-8B85-4E6B-97B6-60553059FB42}.Release|x64.ActiveCfg = Release|x64
		{9E14F948-8B85-4E6B-97B6-60553059FB42}.Release|x64.Build.0 = Release|x64
		{9E14F948-8B85-4E6B-97B6-60553059FB42}.Release|x86.ActiveCfg = Release|Win32
		{9E14F948-8B85-4E6B-97B6-60553059FB42}.Release|x86.Build.0 = Release|Win32
		{F99AB443-6444-4144-93D3-6444629FE64F}.Debug|x64.ActiveCfg = Debug|x64
		{F99AB443-6444-4144-93D3-6444629FE64F}.Debug|x64.Build.0 = Debug|x64
		{F99AB443-6444-4144-93D3-6444629FE64F}.Debug|x86.ActiveCfg = Debug|Win32
		{F99AB443-6444-4144-93D3-6444629FE64F}.Debug|x86.Build.0 = Debug|Win32
		{F99AB443-6444-4144-93D3-6444629FE64F}.Release|x64.ActiveCfg = Release|x64
		{F99AB443-6444-4144-93D3-6444629FE64F}.Release|x64.Build.0 = Release|x64
		{F99AB443-6444-4144-93D3-6444629FE64F}.Release|x86.ActiveCfg = Release|Win32
		{F99AB443-6444-4144-93D3-6444629FE64F}.Release|x86.Build.0 = Release|Win32
		{A8899937-D31C-4ECF-87EF-336C07307A83}.Debug|x64.ActiveCfg = Debug|x64
		{A8899937-D31C-4ECF-87EF-336C07307A83}.Debug|x64.Build.0 = Debug|x64
		{A8899937-D31C-4ECF-87EF-336C07307A83}.Debug|x86.ActiveCfg = Debug|Win32
		{A8899937-D31C-4ECF-87EF-336C07307A83}.Debug|x86.Build.0 = Debug|Win32
		{A8899937-D31C-4ECF-87EF-336C07307A83}.Release|x64.ActiveCfg = Release|x64
		{A8899937-D31C-4ECF-87EF-336C07307A83}.Release|x64.Build.0 = Release|x64
		{A8899937-D31C-4ECF-87EF-336C07307A83}.Release|x86.ActiveCfg = Release|Win32
		{A8899937-D31C-4ECF-87EF-336C07307A83}.Release|x86.Build.0 = Release|Win32
		{DA74CB8F-B6B6-45C4-8274-EE617BAD8E43}.Debug|x64.ActiveCfg = Debug|x64
		{DA74CB8F-B6B6-45C4-8274-EE617BAD8E43}.Debug|x64.Build.0 = Debug|x64
		{DA74CB8F-B6B6-45C4-8274-EE617BAD8E43}.Debug|x86.ActiveCfg = Debug|Win32
		{DA74CB8F-B6B6-45C4-8274-EE617BAD8E43}.Debug|x86.Build.0 = Debug|Win32
		{DA74CB8F-B6B6-45C4-8274-EE617BAD8E43}.Release|x64.ActiveCfg = Release|x64
		{DA74CB8F-B6B6-45C4-8274-EE617BAD8E43}.Release|x64.Build.0 = Release|x64
		{DA74CB8F-B6B6-45C4-8274-EE617BAD8E43}.Release|x86.ActiveCfg = Release|Win32
		{DA74CB8F-B6B6-45C4-8274-EE617BAD8E43}.Release|x86.Build.0 = Release|Win32
		{2D6F5874-4BB1-4B0D-A9A9-77743006E633}.Debug|x64.ActiveCfg = Debug|x64
		{2D6F5874-4BB1-4B0D-A9A9-77743006E633}.Debug|x64.Build.0 = Debug|x64
		{2D6F5874-4BB1-4B0D-A9A9-77743006E633}.Debug|x86.ActiveCfg = Debug|Win32
		{2D6F5874-4BB1-4B0D-A9A9-77743006E633}.Debug|x86.Build.0 = Debug|Win32
		{2D6F5874-4BB1-4B0D-A9A9-77743006E633}.Release|x64.ActiveCfg = Release|x64
		{2D6F5874-4BB1-4B0D-A9A9-77743006E633}.Release|x64.Build.0 = Release|x64
		{2D6F5874-4BB1-4B0D-A9A9-77743006E633}.Release|x86.ActiveCfg = Release|Win32
		{2D6F5874-4BB1-4B0D-A9A9-77743006E633}.Release|x86.Build.0 = Release|Win32
		{09E90A3C-63A0-4B7E-AD7B-F4C17B7BCB36}.Debug|x64.ActiveCfg = Debug|x64
		{09E90A3C-63A0-4B7E-AD7B-F4C17B7BCB36}.Debug|x64.Build.0 = Debug|x64
		{09E90A3C-63A0-4B7E-AD7B-F4C17B7BCB36}.Debug|x86.ActiveCfg = Debug|Win32
		{09E90A3C-63A0-4B7E-AD7B-F4C17B7BCB36}.Debug|x86.Build.0 = Debug|Win32
		{09E90A3C-63A0-4B7E-AD7B-F4C17B7BCB36}.Release|x64.ActiveCfg = Release|x64
		{09E90A3C-63A0-4B7E-AD7B-F4C17B7BCB36}.Release|x64.Build.0 = Release|x64
		{09E90A3C-63A0-4B7E-AD7B-F4C17B7BCB36}.Release|x86.ActiveCfg = Release|Win32
		{09E90A3C-63A0-4B7E-AD7B-F4C17B7BCB36}.Release|x86.Build.0 = Release|Win32
		{16FEF141-02AD-4465-A9E7-50D43D1EE219}.Debug|x64.ActiveCfg = Debug|x64
		{16FEF141-02AD-4465-A9E7-50D43D1EE219}.Debug|x64.Build.0 = Debug|x64
		{16FEF141-02AD-4465-A9E7-50D43D1EE219}.Debug|x86.ActiveCfg = Debug|Win32
		{16FEF141-02AD-4465-A9E7-50D43D1EE219}.Debug|x86.Build.0 = Debug|Win32
		{16FEF141-02AD-4465-A9E7-50D43D1EE219}.Release|x64.ActiveCfg = Release|x64
		{16FEF141-02AD-4465-A9E7-50D43D1EE219}.Release|x64.Build.0 = Release|x64
		{16FEF141-02AD-4465-A9E7-50D43D1EE219}.Release|x86.ActiveCfg = Release|Win32
		{16FEF141-02AD-4465-A9E7-50D43D1EE219}.Release|x86.Build.0 = Release|Win32
		{9A47C0DA-631D-4956-9C85-25F805196B03}.Debug|x64.ActiveCfg = Debug|x64
		{9A47C0DA-631D-4956-9C85-25F805196B03}.Debug|x64.Build.0 = Debug|x64
		{9A47C0DA-631D-4956-9C85-25F805196B03}.Debug|x86.ActiveCfg = Debug|Win32
		{9A47C0DA-631D-4956-9C85-25F805196B03}.Debug|x86.Build.0 = Debug|Win32
		{9A47C0DA-631D-4956-9C85-25F805196B03}.Release|x64.ActiveCfg = Release|x64
		{9A47C0DA-631D-4956-9C85-25F805196B03}.Release|x64.Build.0 = Release|x64
		{9A47C0DA-631D-4956-9C85-25F805196B03}.Release|x86.ActiveCfg = Release|Win32
		{9A47C0DA-631D-4956-9C85-25F805196B03}.Release|x86.Build.0 = Release|Win32
		{59376B6F-E223-446C-8C16-15AB0AF81196}.Debug|x64.ActiveCfg = Debug|x64
		{59376B6F-E223-446C-8C16-15AB0AF81196}.Debug|x64.Build.0 = Debug|x64
		{59376B6F-E223-446C-8C16-15AB0AF81196}.Debug|x86.ActiveCfg = Debug|Win32
		{59376B6F-E223-446C-8C16-15AB0AF81196}.Debug|x86.Build.0 = Debug|Win32
		{59376B6F-E223-446C-8C16-15AB0AF81196}.Release|x64.ActiveCfg = Release|x64
		{59376B6F-E223-446C-8C16-15AB0AF81196}.Release|x64.Build.0 = Release|x64
		{59376B6F-E223-446C-8C16-15AB0AF81196}.Release|x86.ActiveCfg = Release|Win32
		{59376B6F-E223-446C-8C16-15AB0AF81196}.Release|x86.Build.0 = Release|Win32
		{B1445FF7-6E84-4D81-9311-6B82F39249BC}.Debug|x64.ActiveCfg = Debug|x64
		{B1445FF7-6E84-4D81-9311-6B82F39249BC}.Debug|x64.Build.0 = Debug|x64
		{B1445FF7-6E84-4D81-9311-6B82F39249BC}.Debug|x86.ActiveCfg = Debug|Win32
		{B1445FF7-6E84-4D81-9311-6B82F39249BC}.Debug|x86.Build.0 = Debug|Win32
		{B1445FF7-6E84-4D81-9311-6B82F39249BC}.Release|x64.ActiveCfg = Release|x64
		{B1445FF7-6E84-4D81-9311-6B82F39249BC}.Release|x64.Build.0 = Release|x64
		{B1445FF7-6E84-4D81-9311-6B82F39249BC}.Release|x86.ActiveCfg = Release|Win32
		{B1445FF7-6E84-4D81-9311-6B82F39249BC}.Release|x86.Build.0 = Release|Win32
		{BCADB978-BF11-49B6-8FD7-33C1961B2864}.Debug|x64.ActiveCfg = Debug|x64
		{BCADB978-BF11-49B6-8FD7-33C1961B2864}.Debug|x64.Build.0 = Debug|x64
		{BCADB978-BF11-49B6-8FD7-33C1961B2864}.Debug|x86.ActiveCfg = Debug|Win32
		{BCADB978-BF11-49B6-8FD7-33C1961B2864}.Debug|x86.Build.0 = Debug|Win32
		{BCADB978-BF11-49B6-8FD7-33C1961B2864}.Release|x64.ActiveCfg = Release|x64
		{BCADB978-BF11-49B6-8FD7-33C1961B2864}.Release|x64.Build.0 = Release|x64
		{BCADB978-BF11-49B6-8FD7-33C1961B2864}.Release|x86.ActiveCfg = Release|Win32
		{BCADB978-BF11-49B6-8FD7-33C1961B2864}.Release|x86.Build.0 = Release|Win32
		{147EEEAB-AA32-49F4-ADDA-E206B6762B14}.Debug|x64.ActiveCfg = Debug|x64
		{147EEEAB-AA32-49F4-ADDA-E206B6762B14}.Debug|x64.Build.0 = Debug|x64
		{147EEEAB-AA32-49F4-ADDA-E206B6762B14}.Debug|x86.ActiveCfg = Debug|Win32
		{147EEEAB-AA32-49F4-ADDA-E206B6762B14}.Debug|x86.Build.0 = Debug|Win32
		{147EEEAB-AA32-49F4-ADDA-E206B6762B14}.Release|x64.ActiveCfg = Release|x64
		{147EEEAB-AA32-49F4-ADDA-E206B6762B14}.Release|x64.Build.0 = Release|x64
		{147EEEAB-AA32-49F4-ADDA-E206B6762B14}.Release|x86.ActiveCfg = Release|Win32
		{147EEEAB-AA32-49F4-ADDA-E206B6762B14}.Release|x86.Build.0 = Release|Win32
		{2653A524-29A4-405D-80B3-C60423E6CBFB}.Debug|x64.ActiveCfg = Debug|x64
		{2653A524-29A4-405D-80B3-C60423E6CBFB}.Debug|x64.Build.0 = Debug|x64
		{2653A524-29A4-405D-80B3-C60423E6CBFB}.Debug|x86.ActiveCfg = Debug|Win32
		{2653A524-29A4-405D-80B3-C60423E6CBFB}.Debug|x86.Build.0 = Debug|Win32
		{2653A524-29A4-405D-80B3-C60423E6CBFB}.Release|x64.ActiveCfg = Release|x64
		{2653A524-29A4-405D-80B3-C60423E6CBFB}.Release|x64.Build.0 = Release|x64
		{2653A524-29A4-405D-80B3-C60423E6CBFB}.Release|x86.ActiveCfg = Release|Win32
		{2653A524-29A4-405D-80B3-C60423E6CBFB}.Release|x86.Build.0 = Release|Win32
		{56D56CB6-F34A-4C13-BE41-6BA31E4DDBBD}.Debug|x64.ActiveCfg = Debug|x64
		{56D56CB6-F34A-4C13-BE41-6BA31E4DDBBD}.Debug|x64.Build.0 = Debug|x64
		{56D56CB6-F34A-4C13-BE41-6BA31E4DDBBD}.Debug|x86.ActiveCfg = Debug|Win32
		{56D56CB6-F34A-4C13-BE41-6BA31E4DDBBD}.Debug|x86.Build.0 = Debug|Win32
		{56D56CB6-F34A-4C13-BE41-6BA31E4DDBBD}.Release|x64.ActiveCfg = Release|x64
		{56D56CB6-F34A-4C13-BE41-6BA31E4DDBBD}.Release|x64.Build.0 = Release|x64
		{56D56CB6-F34A-4C13-BE41-6BA31E4DDBBD}.Release|x86.ActiveCfg = Release|Win32
		{56D56CB6-F34A-4C13-BE41-6BA31E4DDBBD}.Release|x86.Build.0 = Release|Win32
		{77FD31E4-69EE-4C8F-B2F0-087B7B9ED7BD}.Debug|x64.ActiveCfg = Debug|x64
		{77FD31E4-69EE-4C8F-B2F0-087B7B9ED7BD}.Debug|x64.Build.0 = Debug|x64
		{77FD31E4-69EE-4C8F-B2F0-087B7B9ED7BD}.Debug|x86.ActiveCfg = Debug|Win32
		{77FD31E4-69EE-4C8F-B2F0-087B7B9ED7BD}.Debug|x86.Build.0 = Debug|Win32
		{77FD31E4-69EE-4C8F-B2F0-087B7B9ED7BD}.Release|x64.ActiveCfg = Release|x64
		{77FD31E4-69EE-4C8F-B2F0-087B7B9ED7BD}.Release|x64.Build.0 = Release|x64
		{77FD31E4-69EE-4C8F-B2F0-087B7B9ED7BD}.Release|x86.ActiveCfg = Release|Win32
		{77FD31E4-69EE-4C8F-B2F0-087B7B9ED7BD}.Release|x86.Build.0 = Release|Win32
		{6C7F1997-2835-472B-B168-E6E40F3E508F}.Debug|x64.ActiveCfg = Debug|x64
		{6C7F1997-2835-472B-B168-E6E40F3E508F}.Debug|x64.Build.0 = Debug|x64
		{6C7F1997-2835-472B-B168-E6E40F3E508F}.Debug|x86.ActiveCfg = Debug|Win32
		{6C7F1997-2835-472B-B168-E6E40F3E508F}.Debug|x86.Build.0 = Debug|Win32
		{6C7F1997-2835-472B-B168-E6E40F3E508F}.Release|x64.ActiveCfg = Release|x64
		{6C7F1997-2835-472B-B168-E6E40F3E508F}.Release|x64.Build.0 = Release|x64
		{6C7F1997-2835-472B-B168-E6E40F3E508F}.Release|x86.ActiveCfg = Release|Win32
		{6C7F1997-2835-472B-B168-E6E40F3E508F}.Release|x86.Build.0 = Release|Win32
		{24EFDF29-44D8-4B74-83EA-66CCB1708AD6}.Debug|x64.ActiveCfg = Debug|x64
		{24EFDF29-44D8-4B74-83EA-66CCB1708AD6}.Debug|x64.Build.0 = Debug|x64
		{24EFDF29-44D8-4B74-83EA-66CCB1708AD6}.Debug|x86.ActiveCfg = Debug|Win32
		{24EFDF29-44D8-4B74-83EA-66CCB1708AD6}.Debug|x86.Build.0 = Debug|Win32
		{24EFDF29-44D8-4B74-83EA-66CCB1708AD6}.Release|x64.ActiveCfg = Release|x64
		{24EFDF29-44D8-4B74-83EA-66CCB1708AD6}.Release|x64.Build.0 = Release|x64
		{24EFDF29-44D8-4B74-83EA-66CCB1708AD6}.Release|x86.ActiveCfg = Release|Win32
		{24EFDF29-44D8-4B74-83EA-66CCB1708AD6}.Release|x86.Build.0 = Release|Win32
		{ADE36507-33B0-4070-AA76-92D084837453}.Debug|x64.ActiveCfg = Debug|x64
		{ADE36507-33B0-4070-AA76-92D084837453}.Debug|x64.Build.0 = Debug|x64
		{ADE36507-33B0-4070-AA76-92D084837453}.Debug|x86.ActiveCfg = Debug|Win32
		{ADE36507-33B0-4070-AA76-92D084837453}.Debug|x86.Build.0 = Debug|Win32
		{ADE36507-33B0-4070-AA76-92D084837453}.Release|x64.ActiveCfg = Release|x64
		{ADE36507-33B0-4070-AA76-92D084837453}.Release|x64.Build.0 = Release|x64
		{ADE36507-33B0-4070-AA76-92D084837453}.Release|x86.ActiveCfg = Release|Win32
		{ADE36507-33B0-4070-AA76-92D084837453}.Release|x86.Build.0 = Release|Win32
		{6A8AE608-3049-406A-B493-DFD93FD30211}.Debug|x64.ActiveCfg = Debug|x64
		{6A8AE608-3049-406A-B493-DFD93FD30211}.Debug|x64.Build.0 = Debug|x64
		{6A8AE608-3049-406A-B493-DFD93FD30211}.Debug|x86.ActiveCfg = Debug|Win32
		{6A8AE608-3049-406A-B493-DFD93FD30211}.Debug|x86.Build.0 = Debug|Win32
		{6A8AE608-3049-406A-B493-DFD93FD30211}.Release|x64.ActiveCfg = Release|x64
		{6A8AE608-3049-406A-B493-DFD93FD30211}.Release|x64.Build.0 = Release|x64
		{6A8AE608-3049-406A-B493-DFD93FD30211}.Release|x86.ActiveCfg = Release|Win32
		{6A8AE608-3049-406A-B493-DFD93FD30211}.Release|x86.Build.0 = Release|Win32
		{5DD2837E-F677-41D6-B539-EB23B7919A84}.Debug|x64.ActiveCfg = Debug|x64
		{5DD2837E-F677-41D6-B539-EB23B7919A84}.Debug|x64.Build.0 = Debug|x64
		{5DD2837E-F677-41D6-B539-EB23B7919A84}.Debug|x86.ActiveCfg = Debug|Win32
		{5DD2837E-F677-41D6-B539-EB23B7919A84}.Debug|x86.Build.0 = Debug|Win32
		{5DD2837E-F677-41D6-B539-EB23B7919A84}.Release|x64.ActiveCfg = Release|x64
		{5DD2837E-F677-41D6-B539-EB23B7919A84}.Release|x64.Build.0 = Release|x64
		{5DD2837E-F677-41D6-B539-EB23B7919A84}.Release|x86.ActiveCfg = Release|Win32
		{5DD2837E-F677-41D6-B539-EB23B7919A84}.Release|x86.Build.0 = Release|Win32
		{AA0E882F-E419-49CE-96B3-0010095E6F51}.Debug|x64.ActiveCfg = Debug|x64
		{AA0E882F-E419-49CE-96B3-0010095E6F51}.Debug|x64.Build.0 = Debug|x64
		{AA0E882F-E419-49CE-96B3-0010095E6F51}.Debug|x86.ActiveCfg = Debug|Win32
		{AA0E882F-E419-49CE-96B3-0010095E6F51}.Debug|x86.Build.0 = Debug|Win32
		{AA0E882F-E419-49CE-96B3-0010095E6F51}.Release|x64.ActiveCfg = Release|x64
		{AA0E882F-E419-49CE-96B3-0010095E6F51}.Release|x64.Build.0 = Release|x64
		{AA0E882F-E419-49CE-96B3-0010095E6F51}.Release|x86.ActiveCfg = Release|Win32
		{AA0E882F-E419-49CE-96B3-0010095E6F51}.Release|x86.Build.0 = Release|Win32
	EndGlobalSection
	GlobalSection(SolutionProperties) = preSolution
		HideSolutionNode = FALSE
	EndGlobalSection
	GlobalSection(ExtensibilityGlobals) = postSolution
		SolutionGuid = {FAA18F74-694E-419C-853B-A7341706B661}
	EndGlobalSection
EndGlobal
